
Microsoft Visual Studio Solution File, Format Version 12.00
# Visual Studio Version 16
VisualStudioVersion = 16.0.30907.101
MinimumVisualStudioVersion = 10.0.40219.1
Project("{FAE04EC0-301F-11D3-BF4B-00C04F79EFBC}") = "RENT a CARR", "RENT a CARR\RENT a CARR.csproj", "{BC091CCA-32B4-4116-BA78-16A9EF1F7971}"
EndProject
Global
	GlobalSection(SolutionConfigurationPlatforms) = preSolution
		Debug|Any CPU = Debug|Any CPU
		Release|Any CPU = Release|Any CPU
	EndGlobalSection
	GlobalSection(ProjectConfigurationPlatforms) = postSolution
		{BC091CCA-32B4-4116-BA78-16A9EF1F7971}.Debug|Any CPU.ActiveCfg = Debug|Any CPU
		{BC091CCA-32B4-4116-BA78-16A9EF1F7971}.Debug|Any CPU.Build.0 = Debug|Any CPU
		{BC091CCA-32B4-4116-BA78-16A9EF1F7971}.Release|Any CPU.ActiveCfg = Release|Any CPU
		{BC091CCA-32B4-4116-BA78-16A9EF1F7971}.Release|Any CPU.Build.0 = Release|Any CPU
	EndGlobalSection
	GlobalSection(SolutionProperties) = preSolution
		HideSolutionNode = FALSE
	EndGlobalSection
	GlobalSection(ExtensibilityGlobals) = postSolution
		SolutionGuid = {F91F93F6-7D06-4D5B-A437-B74E14E12897}
	EndGlobalSection
EndGlobal
